
Microsoft Visual Studio Solution File, Format Version 12.00
# Visual Studio Version 17
VisualStudioVersion = 17.9.34616.47
MinimumVisualStudioVersion = 10.0.40219.1
Project("{9A19103F-16F7-4668-BE54-9A1E7A4F7556}") = "RazorPageWeb", "RazorPageWeb.csproj", "{A7840B8A-BFBA-401B-8524-CAD89D63A336}"
EndProject
Global
	GlobalSection(SolutionConfigurationPlatforms) = preSolution
		Debug|Any CPU = Debug|Any CPU
		Release|Any CPU = Release|Any CPU
	EndGlobalSection
	GlobalSection(ProjectConfigurationPlatforms) = postSolution
		{A7840B8A-BFBA-401B-8524-CAD89D63A336}.Debug|Any CPU.ActiveCfg = Debug|Any CPU
		{A7840B8A-BFBA-401B-8524-CAD89D63A336}.Debug|Any CPU.Build.0 = Debug|Any CPU
		{A7840B8A-BFBA-401B-8524-CAD89D63A336}.Release|Any CPU.ActiveCfg = Release|Any CPU
		{A7840B8A-BFBA-401B-8524-CAD89D63A336}.Release|Any CPU.Build.0 = Release|Any CPU
	EndGlobalSection
	GlobalSection(SolutionProperties) = preSolution
		HideSolutionNode = FALSE
	EndGlobalSection
	GlobalSection(ExtensibilityGlobals) = postSolution
		SolutionGuid = {8873B95E-E275-4267-9DA2-15CCE754AA72}
	EndGlobalSection
EndGlobal
